
Microsoft Visual Studio Solution File, Format Version 12.00
Project("{FAE04EC0-301F-11D3-BF4B-00C04F79EFBC}") = "5. Longest Palindromic Substring - Two Pointer", "5. Longest Palindromic Substring - Two Pointer.csproj", "{746E25E9-0D4B-49E5-80AE-FCDDA4FE77F7}"
EndProject
Global
	GlobalSection(SolutionConfigurationPlatforms) = preSolution
		Debug|Any CPU = Debug|Any CPU
		Release|Any CPU = Release|Any CPU
	EndGlobalSection
	GlobalSection(ProjectConfigurationPlatforms) = postSolution
		{746E25E9-0D4B-49E5-80AE-FCDDA4FE77F7}.Debug|Any CPU.ActiveCfg = Debug|Any CPU
		{746E25E9-0D4B-49E5-80AE-FCDDA4FE77F7}.Debug|Any CPU.Build.0 = Debug|Any CPU
		{746E25E9-0D4B-49E5-80AE-FCDDA4FE77F7}.Release|Any CPU.ActiveCfg = Release|Any CPU
		{746E25E9-0D4B-49E5-80AE-FCDDA4FE77F7}.Release|Any CPU.Build.0 = Release|Any CPU
	EndGlobalSection
EndGlobal
