
Microsoft Visual Studio Solution File, Format Version 12.00
Project("{FAE04EC0-301F-11D3-BF4B-00C04F79EFBC}") = "25. Reverse Nodes in k-Group", "25. Reverse Nodes in k-Group.csproj", "{267DC333-E4E9-4F4A-9C1E-1F25478AB83C}"
EndProject
Global
	GlobalSection(SolutionConfigurationPlatforms) = preSolution
		Debug|Any CPU = Debug|Any CPU
		Release|Any CPU = Release|Any CPU
	EndGlobalSection
	GlobalSection(ProjectConfigurationPlatforms) = postSolution
		{267DC333-E4E9-4F4A-9C1E-1F25478AB83C}.Debug|Any CPU.ActiveCfg = Debug|Any CPU
		{267DC333-E4E9-4F4A-9C1E-1F25478AB83C}.Debug|Any CPU.Build.0 = Debug|Any CPU
		{267DC333-E4E9-4F4A-9C1E-1F25478AB83C}.Release|Any CPU.ActiveCfg = Release|Any CPU
		{267DC333-E4E9-4F4A-9C1E-1F25478AB83C}.Release|Any CPU.Build.0 = Release|Any CPU
	EndGlobalSection
EndGlobal
