
Microsoft Visual Studio Solution File, Format Version 12.00
Project("{FAE04EC0-301F-11D3-BF4B-00C04F79EFBC}") = "108. Convert Sorted Array to Binary Search Tree", "108. Convert Sorted Array to Binary Search Tree\108. Convert Sorted Array to Binary Search Tree.csproj", "{01F1A3C0-1D94-4255-9964-98C54F7DC6FB}"
EndProject
Global
	GlobalSection(SolutionConfigurationPlatforms) = preSolution
		Debug|Any CPU = Debug|Any CPU
		Release|Any CPU = Release|Any CPU
	EndGlobalSection
	GlobalSection(ProjectConfigurationPlatforms) = postSolution
		{01F1A3C0-1D94-4255-9964-98C54F7DC6FB}.Debug|Any CPU.ActiveCfg = Debug|Any CPU
		{01F1A3C0-1D94-4255-9964-98C54F7DC6FB}.Debug|Any CPU.Build.0 = Debug|Any CPU
		{01F1A3C0-1D94-4255-9964-98C54F7DC6FB}.Release|Any CPU.ActiveCfg = Release|Any CPU
		{01F1A3C0-1D94-4255-9964-98C54F7DC6FB}.Release|Any CPU.Build.0 = Release|Any CPU
	EndGlobalSection
EndGlobal
