
Microsoft Visual Studio Solution File, Format Version 12.00
Project("{FAE04EC0-301F-11D3-BF4B-00C04F79EFBC}") = "21. Merge Two Sorted Lists", "21. Merge Two Sorted Lists\21. Merge Two Sorted Lists.csproj", "{BA45B85A-C9BA-4521-8143-031EAD7237FD}"
EndProject
Global
	GlobalSection(SolutionConfigurationPlatforms) = preSolution
		Debug|Any CPU = Debug|Any CPU
		Release|Any CPU = Release|Any CPU
	EndGlobalSection
	GlobalSection(ProjectConfigurationPlatforms) = postSolution
		{BA45B85A-C9BA-4521-8143-031EAD7237FD}.Debug|Any CPU.ActiveCfg = Debug|Any CPU
		{BA45B85A-C9BA-4521-8143-031EAD7237FD}.Debug|Any CPU.Build.0 = Debug|Any CPU
		{BA45B85A-C9BA-4521-8143-031EAD7237FD}.Release|Any CPU.ActiveCfg = Release|Any CPU
		{BA45B85A-C9BA-4521-8143-031EAD7237FD}.Release|Any CPU.Build.0 = Release|Any CPU
	EndGlobalSection
EndGlobal
