
Microsoft Visual Studio Solution File, Format Version 12.00
Project("{FAE04EC0-301F-11D3-BF4B-00C04F79EFBC}") = "Debug Console Application", "Debug Console Application.csproj", "{9389B47E-E085-4904-B92F-B0E7B106FDEF}"
EndProject
Global
	GlobalSection(SolutionConfigurationPlatforms) = preSolution
		Debug|Any CPU = Debug|Any CPU
		Release|Any CPU = Release|Any CPU
	EndGlobalSection
	GlobalSection(ProjectConfigurationPlatforms) = postSolution
		{9389B47E-E085-4904-B92F-B0E7B106FDEF}.Debug|Any CPU.ActiveCfg = Debug|Any CPU
		{9389B47E-E085-4904-B92F-B0E7B106FDEF}.Debug|Any CPU.Build.0 = Debug|Any CPU
		{9389B47E-E085-4904-B92F-B0E7B106FDEF}.Release|Any CPU.ActiveCfg = Release|Any CPU
		{9389B47E-E085-4904-B92F-B0E7B106FDEF}.Release|Any CPU.Build.0 = Release|Any CPU
	EndGlobalSection
EndGlobal
