
Microsoft Visual Studio Solution File, Format Version 12.00
Project("{FAE04EC0-301F-11D3-BF4B-00C04F79EFBC}") = "15. 3Sum", "15. 3Sum.csproj", "{568F6FEF-710E-46B5-8E48-2C5E4E44FF79}"
EndProject
Global
	GlobalSection(SolutionConfigurationPlatforms) = preSolution
		Debug|Any CPU = Debug|Any CPU
		Release|Any CPU = Release|Any CPU
	EndGlobalSection
	GlobalSection(ProjectConfigurationPlatforms) = postSolution
		{568F6FEF-710E-46B5-8E48-2C5E4E44FF79}.Debug|Any CPU.ActiveCfg = Debug|Any CPU
		{568F6FEF-710E-46B5-8E48-2C5E4E44FF79}.Debug|Any CPU.Build.0 = Debug|Any CPU
		{568F6FEF-710E-46B5-8E48-2C5E4E44FF79}.Release|Any CPU.ActiveCfg = Release|Any CPU
		{568F6FEF-710E-46B5-8E48-2C5E4E44FF79}.Release|Any CPU.Build.0 = Release|Any CPU
	EndGlobalSection
EndGlobal
